
Microsoft Visual Studio Solution File, Format Version 12.00
# Visual Studio 15
VisualStudioVersion = 15.0.27004.2002
MinimumVisualStudioVersion = 10.0.40219.1
Project("{2150E333-8FDC-42A3-9474-1A3956D46DE8}") = "0 - Presentation", "0 - Presentation", "{0916B326-D74E-447C-B826-4B6DFA830BF1}"
EndProject
Project("{2150E333-8FDC-42A3-9474-1A3956D46DE8}") = "1 - Services", "1 - Services", "{8FE78AB9-51BB-4C79-9371-1713EC8ACAF9}"
EndProject
Project("{2150E333-8FDC-42A3-9474-1A3956D46DE8}") = "2 - Application", "2 - Application", "{E825B893-E25E-4F41-942D-8CF8E8F28AAB}"
EndProject
Project("{2150E333-8FDC-42A3-9474-1A3956D46DE8}") = "3 - Domain", "3 - Domain", "{B4504BD7-F1FF-4F79-96DD-A69BDCBBFEF2}"
EndProject
Project("{2150E333-8FDC-42A3-9474-1A3956D46DE8}") = "4 - Infrastructure", "4 - Infrastructure", "{B2A508B0-A07F-4A35-99A3-1506619C2D18}"
EndProject
Project("{2150E333-8FDC-42A3-9474-1A3956D46DE8}") = "4.1 - Data", "4.1 - Data", "{E118B54C-47CD-4733-B8E3-086AF02AFAF2}"
EndProject
Project("{2150E333-8FDC-42A3-9474-1A3956D46DE8}") = "4.2 - CrossCutting", "4.2 - CrossCutting", "{8E8BD51F-F401-4854-BEE1-FF1962BBA21A}"
EndProject
Project("{FAE04EC0-301F-11D3-BF4B-00C04F79EFBC}") = "SWshop.MVC", "SWshop.MVC\SWshop.MVC.csproj", "{5359910E-2965-4187-BA7E-423276B6873C}"
EndProject
Project("{FAE04EC0-301F-11D3-BF4B-00C04F79EFBC}") = "SWshop.Domain", "SWshop.Domain\SWshop.Domain.csproj", "{1F165D70-EF66-4BDD-8BB3-5BB6B3F706DE}"
EndProject
Project("{FAE04EC0-301F-11D3-BF4B-00C04F79EFBC}") = "SWshop.Infra.Data", "SWshop.Infra.Data\SWshop.Infra.Data.csproj", "{5CC25115-C35C-48E2-AF6F-EB33D273D74F}"
EndProject
Project("{FAE04EC0-301F-11D3-BF4B-00C04F79EFBC}") = "SWshop.Application", "SWshop.Application\SWshop.Application.csproj", "{E2DCC6A3-4081-4962-A7FE-80F3A2AD435D}"
EndProject
Global
	GlobalSection(SolutionConfigurationPlatforms) = preSolution
		Debug|Any CPU = Debug|Any CPU
		Release|Any CPU = Release|Any CPU
	EndGlobalSection
	GlobalSection(ProjectConfigurationPlatforms) = postSolution
		{5359910E-2965-4187-BA7E-423276B6873C}.Debug|Any CPU.ActiveCfg = Debug|Any CPU
		{5359910E-2965-4187-BA7E-423276B6873C}.Debug|Any CPU.Build.0 = Debug|Any CPU
		{5359910E-2965-4187-BA7E-423276B6873C}.Release|Any CPU.ActiveCfg = Release|Any CPU
		{5359910E-2965-4187-BA7E-423276B6873C}.Release|Any CPU.Build.0 = Release|Any CPU
		{1F165D70-EF66-4BDD-8BB3-5BB6B3F706DE}.Debug|Any CPU.ActiveCfg = Debug|Any CPU
		{1F165D70-EF66-4BDD-8BB3-5BB6B3F706DE}.Debug|Any CPU.Build.0 = Debug|Any CPU
		{1F165D70-EF66-4BDD-8BB3-5BB6B3F706DE}.Release|Any CPU.ActiveCfg = Release|Any CPU
		{1F165D70-EF66-4BDD-8BB3-5BB6B3F706DE}.Release|Any CPU.Build.0 = Release|Any CPU
		{5CC25115-C35C-48E2-AF6F-EB33D273D74F}.Debug|Any CPU.ActiveCfg = Debug|Any CPU
		{5CC25115-C35C-48E2-AF6F-EB33D273D74F}.Debug|Any CPU.Build.0 = Debug|Any CPU
		{5CC25115-C35C-48E2-AF6F-EB33D273D74F}.Release|Any CPU.ActiveCfg = Release|Any CPU
		{5CC25115-C35C-48E2-AF6F-EB33D273D74F}.Release|Any CPU.Build.0 = Release|Any CPU
		{E2DCC6A3-4081-4962-A7FE-80F3A2AD435D}.Debug|Any CPU.ActiveCfg = Debug|Any CPU
		{E2DCC6A3-4081-4962-A7FE-80F3A2AD435D}.Debug|Any CPU.Build.0 = Debug|Any CPU
		{E2DCC6A3-4081-4962-A7FE-80F3A2AD435D}.Release|Any CPU.ActiveCfg = Release|Any CPU
		{E2DCC6A3-4081-4962-A7FE-80F3A2AD435D}.Release|Any CPU.Build.0 = Release|Any CPU
	EndGlobalSection
	GlobalSection(SolutionProperties) = preSolution
		HideSolutionNode = FALSE
	EndGlobalSection
	GlobalSection(NestedProjects) = preSolution
		{E118B54C-47CD-4733-B8E3-086AF02AFAF2} = {B2A508B0-A07F-4A35-99A3-1506619C2D18}
		{8E8BD51F-F401-4854-BEE1-FF1962BBA21A} = {B2A508B0-A07F-4A35-99A3-1506619C2D18}
		{5359910E-2965-4187-BA7E-423276B6873C} = {0916B326-D74E-447C-B826-4B6DFA830BF1}
		{1F165D70-EF66-4BDD-8BB3-5BB6B3F706DE} = {B4504BD7-F1FF-4F79-96DD-A69BDCBBFEF2}
		{5CC25115-C35C-48E2-AF6F-EB33D273D74F} = {E118B54C-47CD-4733-B8E3-086AF02AFAF2}
		{E2DCC6A3-4081-4962-A7FE-80F3A2AD435D} = {E825B893-E25E-4F41-942D-8CF8E8F28AAB}
	EndGlobalSection
	GlobalSection(ExtensibilityGlobals) = postSolution
		SolutionGuid = {A91ECA4A-C46E-4837-85BB-0628704E9875}
	EndGlobalSection
EndGlobal
